
Microsoft Visual Studio Solution File, Format Version 12.00
# Visual Studio Version 17
VisualStudioVersion = 17.7.34024.191
MinimumVisualStudioVersion = 10.0.40219.1
Project("{FAE04EC0-301F-11D3-BF4B-00C04F79EFBC}") = "Bai_3a(Js)", "Bai_3a(Js)\Bai_3a(Js).csproj", "{3320C51A-36DA-42C6-978D-64D4FB2A9EF0}"
EndProject
Global
	GlobalSection(SolutionConfigurationPlatforms) = preSolution
		Debug|Any CPU = Debug|Any CPU
		Release|Any CPU = Release|Any CPU
	EndGlobalSection
	GlobalSection(ProjectConfigurationPlatforms) = postSolution
		{3320C51A-36DA-42C6-978D-64D4FB2A9EF0}.Debug|Any CPU.ActiveCfg = Debug|Any CPU
		{3320C51A-36DA-42C6-978D-64D4FB2A9EF0}.Debug|Any CPU.Build.0 = Debug|Any CPU
		{3320C51A-36DA-42C6-978D-64D4FB2A9EF0}.Release|Any CPU.ActiveCfg = Release|Any CPU
		{3320C51A-36DA-42C6-978D-64D4FB2A9EF0}.Release|Any CPU.Build.0 = Release|Any CPU
	EndGlobalSection
	GlobalSection(SolutionProperties) = preSolution
		HideSolutionNode = FALSE
	EndGlobalSection
	GlobalSection(ExtensibilityGlobals) = postSolution
		SolutionGuid = {7B89076D-D8AB-439B-8809-16372140A9FB}
	EndGlobalSection
EndGlobal
